
Microsoft Visual Studio Solution File, Format Version 12.00
# Visual Studio Version 16
VisualStudioVersion = 16.0.33529.622
MinimumVisualStudioVersion = 10.0.40219.1
Project("{FAE04EC0-301F-11D3-BF4B-00C04F79EFBC}") = "HelloWorld", "HelloWorld.csproj", "{D79D7CAA-48C6-4C3E-85A9-84966FC7F556}"
EndProject
Global
	GlobalSection(SolutionConfigurationPlatforms) = preSolution
		Debug|Any CPU = Debug|Any CPU
		Release|Any CPU = Release|Any CPU
	EndGlobalSection
	GlobalSection(ProjectConfigurationPlatforms) = postSolution
		{D79D7CAA-48C6-4C3E-85A9-84966FC7F556}.Debug|Any CPU.ActiveCfg = Debug|Any CPU
		{D79D7CAA-48C6-4C3E-85A9-84966FC7F556}.Debug|Any CPU.Build.0 = Debug|Any CPU
		{D79D7CAA-48C6-4C3E-85A9-84966FC7F556}.Release|Any CPU.ActiveCfg = Release|Any CPU
		{D79D7CAA-48C6-4C3E-85A9-84966FC7F556}.Release|Any CPU.Build.0 = Release|Any CPU
	EndGlobalSection
	GlobalSection(SolutionProperties) = preSolution
		HideSolutionNode = FALSE
	EndGlobalSection
	GlobalSection(ExtensibilityGlobals) = postSolution
		SolutionGuid = {B7FE90D7-6FC9-4176-9904-41FEF591C7C4}
	EndGlobalSection
EndGlobal
